<?xml version="1.0" encoding="UTF-8" standalone="yes" ?>
<CodeBlocks_project_file>
	<FileVersion major="1" minor="6" />
	<Project>
		<Option title="Othello_Game[in C]" />
		<Option pch_mode="2" />
		<Option compiler="gcc" />
		<Build>
			<Target title="Debug">
				<Option output="bin/Debug/Othello_Game[in C]" prefix_auto="1" extension_auto="1" />
				<Option object_output="obj/Debug/" />
				<Option type="1" />
				<Option compiler="gcc" />
				<Compiler>
					<Add option="-g" />
					<Add directory="C:/ncurses/include" />
					<Add directory="C:/ncurses/include/ncursesw" />
				</Compiler>
				<Linker>
					<Add option="-lmingw32 -lncursesw" />
					<Add directory="C:/ncurses/lib" />
				</Linker>
			</Target>
			<Target title="Release">
				<Option output="bin/Release/Othello_Game[in C]" prefix_auto="1" extension_auto="1" />
				<Option object_output="obj/Release/" />
				<Option type="1" />
				<Option compiler="gcc" />
				<Compiler>
					<Add option="-O2" />
				</Compiler>
				<Linker>
					<Add option="-s" />
				</Linker>
			</Target>
		</Build>
		<Compiler>
			<Add option="-Wall" />
		</Compiler>
		<Unit filename="1vs1-functions.c">
			<Option compilerVar="CC" />
		</Unit>
		<Unit filename="1vs1-functions.h" />
		<Unit filename="1vsRobot-functions.c">
			<Option compilerVar="CC" />
		</Unit>
		<Unit filename="1vsRobot-functions.h" />
		<Unit filename="main.c">
			<Option compilerVar="CC" />
		</Unit>
		<Unit filename="menu.c">
			<Option compilerVar="CC" />
		</Unit>
		<Unit filename="menu.h" />
		<Unit filename="register-login-functions.c">
			<Option compilerVar="CC" />
		</Unit>
		<Unit filename="register-login-functions.h" />
<<<<<<< HEAD
		<Extensions />
=======
		<Extensions>
			<code_completion />
			<envvars />
			<debugger />
		</Extensions>
>>>>>>> c6f426a6023791d60a57a890d46a41875f91685d
	</Project>
</CodeBlocks_project_file>
